
Microsoft Visual Studio Solution File, Format Version 12.00
# Visual Studio Version 17
VisualStudioVersion = 17.3.32929.385
MinimumVisualStudioVersion = 10.0.40219.1
Project("{FAE04EC0-301F-11D3-BF4B-00C04F79EFBC}") = "GitStep", "GitStep.csproj", "{0A03248E-F232-4CE1-986C-0D8E7B0BDC71}"
EndProject
Global
	GlobalSection(SolutionConfigurationPlatforms) = preSolution
		Debug|Any CPU = Debug|Any CPU
		Release|Any CPU = Release|Any CPU
	EndGlobalSection
	GlobalSection(ProjectConfigurationPlatforms) = postSolution
		{0A03248E-F232-4CE1-986C-0D8E7B0BDC71}.Debug|Any CPU.ActiveCfg = Debug|Any CPU
		{0A03248E-F232-4CE1-986C-0D8E7B0BDC71}.Debug|Any CPU.Build.0 = Debug|Any CPU
		{0A03248E-F232-4CE1-986C-0D8E7B0BDC71}.Release|Any CPU.ActiveCfg = Release|Any CPU
		{0A03248E-F232-4CE1-986C-0D8E7B0BDC71}.Release|Any CPU.Build.0 = Release|Any CPU
	EndGlobalSection
	GlobalSection(SolutionProperties) = preSolution
		HideSolutionNode = FALSE
	EndGlobalSection
	GlobalSection(ExtensibilityGlobals) = postSolution
		SolutionGuid = {2FC1B981-5530-4379-8BD5-C282A53EBCB9}
	EndGlobalSection
EndGlobal
